
Microsoft Visual Studio Solution File, Format Version 12.00
# Visual Studio Version 17
VisualStudioVersion = 17.14.36203.30 d17.14
MinimumVisualStudioVersion = 10.0.40219.1
Project("{FAE04EC0-301F-11D3-BF4B-00C04F79EFBC}") = "Module12.Algorithm.Task12.ConsoleApp", "Module12.Algorithm.Task12.ConsoleApp\Module12.Algorithm.Task12.ConsoleApp.csproj", "{B2BCD9ED-33D2-49BC-8A17-5641622BD6D5}"
EndProject
Global
	GlobalSection(SolutionConfigurationPlatforms) = preSolution
		Debug|Any CPU = Debug|Any CPU
		Release|Any CPU = Release|Any CPU
	EndGlobalSection
	GlobalSection(ProjectConfigurationPlatforms) = postSolution
		{B2BCD9ED-33D2-49BC-8A17-5641622BD6D5}.Debug|Any CPU.ActiveCfg = Debug|Any CPU
		{B2BCD9ED-33D2-49BC-8A17-5641622BD6D5}.Debug|Any CPU.Build.0 = Debug|Any CPU
		{B2BCD9ED-33D2-49BC-8A17-5641622BD6D5}.Release|Any CPU.ActiveCfg = Release|Any CPU
		{B2BCD9ED-33D2-49BC-8A17-5641622BD6D5}.Release|Any CPU.Build.0 = Release|Any CPU
	EndGlobalSection
	GlobalSection(SolutionProperties) = preSolution
		HideSolutionNode = FALSE
	EndGlobalSection
	GlobalSection(ExtensibilityGlobals) = postSolution
		SolutionGuid = {10F8101B-22A7-4354-AEAB-38ECA6788076}
	EndGlobalSection
EndGlobal
